
Microsoft Visual Studio Solution File, Format Version 12.00
# Visual Studio Version 17
VisualStudioVersion = 17.14.36518.9 d17.14
MinimumVisualStudioVersion = 10.0.40219.1
Project("{FAE04EC0-301F-11D3-BF4B-00C04F79EFBC}") = "WebApi-Jayasri", "WebApi-Jayasri\WebApi-Jayasri.csproj", "{A2540241-137F-44FD-8090-C0F36E11124B}"
EndProject
Global
	GlobalSection(SolutionConfigurationPlatforms) = preSolution
		Debug|Any CPU = Debug|Any CPU
		Release|Any CPU = Release|Any CPU
	EndGlobalSection
	GlobalSection(ProjectConfigurationPlatforms) = postSolution
		{A2540241-137F-44FD-8090-C0F36E11124B}.Debug|Any CPU.ActiveCfg = Debug|Any CPU
		{A2540241-137F-44FD-8090-C0F36E11124B}.Debug|Any CPU.Build.0 = Debug|Any CPU
		{A2540241-137F-44FD-8090-C0F36E11124B}.Release|Any CPU.ActiveCfg = Release|Any CPU
		{A2540241-137F-44FD-8090-C0F36E11124B}.Release|Any CPU.Build.0 = Release|Any CPU
	EndGlobalSection
	GlobalSection(SolutionProperties) = preSolution
		HideSolutionNode = FALSE
	EndGlobalSection
	GlobalSection(ExtensibilityGlobals) = postSolution
		SolutionGuid = {E8BA7380-3FB7-42CC-B8EA-5733C5C9980F}
	EndGlobalSection
EndGlobal
